
Microsoft Visual Studio Solution File, Format Version 12.00
# Visual Studio Version 16
VisualStudioVersion = 16.0.30907.101
MinimumVisualStudioVersion = 10.0.40219.1
Project("{FAE04EC0-301F-11D3-BF4B-00C04F79EFBC}") = "project-rune.Android", "project-rune.Android\project-rune.Android.csproj", "{3C88717E-6B7D-46E6-8D28-B91CF6C5EC3D}"
EndProject
Project("{FAE04EC0-301F-11D3-BF4B-00C04F79EFBC}") = "project-rune", "project-rune\project-rune.csproj", "{9C0ABB0F-C81B-4A7E-B533-D2B66DC9C9D6}"
EndProject
Global
	GlobalSection(SolutionConfigurationPlatforms) = preSolution
		Debug|Any CPU = Debug|Any CPU
		Release|Any CPU = Release|Any CPU
	EndGlobalSection
	GlobalSection(ProjectConfigurationPlatforms) = postSolution
		{3C88717E-6B7D-46E6-8D28-B91CF6C5EC3D}.Debug|Any CPU.ActiveCfg = Debug|Any CPU
		{3C88717E-6B7D-46E6-8D28-B91CF6C5EC3D}.Debug|Any CPU.Build.0 = Debug|Any CPU
		{3C88717E-6B7D-46E6-8D28-B91CF6C5EC3D}.Debug|Any CPU.Deploy.0 = Debug|Any CPU
		{3C88717E-6B7D-46E6-8D28-B91CF6C5EC3D}.Release|Any CPU.ActiveCfg = Release|Any CPU
		{3C88717E-6B7D-46E6-8D28-B91CF6C5EC3D}.Release|Any CPU.Build.0 = Release|Any CPU
		{3C88717E-6B7D-46E6-8D28-B91CF6C5EC3D}.Release|Any CPU.Deploy.0 = Release|Any CPU
		{9C0ABB0F-C81B-4A7E-B533-D2B66DC9C9D6}.Debug|Any CPU.ActiveCfg = Debug|Any CPU
		{9C0ABB0F-C81B-4A7E-B533-D2B66DC9C9D6}.Debug|Any CPU.Build.0 = Debug|Any CPU
		{9C0ABB0F-C81B-4A7E-B533-D2B66DC9C9D6}.Debug|Any CPU.Deploy.0 = Debug|Any CPU
		{9C0ABB0F-C81B-4A7E-B533-D2B66DC9C9D6}.Release|Any CPU.ActiveCfg = Release|Any CPU
		{9C0ABB0F-C81B-4A7E-B533-D2B66DC9C9D6}.Release|Any CPU.Build.0 = Release|Any CPU
		{9C0ABB0F-C81B-4A7E-B533-D2B66DC9C9D6}.Release|Any CPU.Deploy.0 = Release|Any CPU
	EndGlobalSection
	GlobalSection(SolutionProperties) = preSolution
		HideSolutionNode = FALSE
	EndGlobalSection
	GlobalSection(ExtensibilityGlobals) = postSolution
		SolutionGuid = {A5635566-2B9C-4AE8-AA95-D8690664FE1D}
	EndGlobalSection
EndGlobal
